
Microsoft Visual Studio Solution File, Format Version 12.00
# Visual Studio Version 16
VisualStudioVersion = 25.0.1706.11
MinimumVisualStudioVersion = 10.0.40219.1
Project("{FAE04EC0-301F-11D3-BF4B-00C04F79EFBC}") = "Repro.55194", "Repro.55194\Repro.55194.csproj", "{BED81FCF-64EC-44FD-902B-C69C98D75EE9}"
EndProject
Global
	GlobalSection(SolutionConfigurationPlatforms) = preSolution
		Debug|Any CPU = Debug|Any CPU
		Release|Any CPU = Release|Any CPU
	EndGlobalSection
	GlobalSection(ProjectConfigurationPlatforms) = postSolution
		{BED81FCF-64EC-44FD-902B-C69C98D75EE9}.Debug|Any CPU.ActiveCfg = Debug|Any CPU
		{BED81FCF-64EC-44FD-902B-C69C98D75EE9}.Debug|Any CPU.Build.0 = Debug|Any CPU
		{BED81FCF-64EC-44FD-902B-C69C98D75EE9}.Release|Any CPU.ActiveCfg = Release|Any CPU
		{BED81FCF-64EC-44FD-902B-C69C98D75EE9}.Release|Any CPU.Build.0 = Release|Any CPU
	EndGlobalSection
	GlobalSection(SolutionProperties) = preSolution
		HideSolutionNode = FALSE
	EndGlobalSection
	GlobalSection(ExtensibilityGlobals) = postSolution
		SolutionGuid = {FC86C3DB-E36A-43B4-93AC-B22BD574C324}
	EndGlobalSection
EndGlobal
